
Microsoft Visual Studio Solution File, Format Version 12.00
# Visual Studio Version 17
VisualStudioVersion = 17.5.33502.453
MinimumVisualStudioVersion = 10.0.40219.1
Project("{FAE04EC0-301F-11D3-BF4B-00C04F79EFBC}") = "Clase 3 - Actividad 4", "Clase 3 - Actividad 4\Clase 3 - Actividad 4.csproj", "{864BBC5B-91AD-4C56-8D6E-A963EE85BC3A}"
EndProject
Global
	GlobalSection(SolutionConfigurationPlatforms) = preSolution
		Debug|Any CPU = Debug|Any CPU
		Release|Any CPU = Release|Any CPU
	EndGlobalSection
	GlobalSection(ProjectConfigurationPlatforms) = postSolution
		{864BBC5B-91AD-4C56-8D6E-A963EE85BC3A}.Debug|Any CPU.ActiveCfg = Debug|Any CPU
		{864BBC5B-91AD-4C56-8D6E-A963EE85BC3A}.Debug|Any CPU.Build.0 = Debug|Any CPU
		{864BBC5B-91AD-4C56-8D6E-A963EE85BC3A}.Release|Any CPU.ActiveCfg = Release|Any CPU
		{864BBC5B-91AD-4C56-8D6E-A963EE85BC3A}.Release|Any CPU.Build.0 = Release|Any CPU
	EndGlobalSection
	GlobalSection(SolutionProperties) = preSolution
		HideSolutionNode = FALSE
	EndGlobalSection
	GlobalSection(ExtensibilityGlobals) = postSolution
		SolutionGuid = {DDCA1598-4986-4B4E-A888-6B24A4E427FF}
	EndGlobalSection
EndGlobal
